
Microsoft Visual Studio Solution File, Format Version 12.00
# Visual Studio Version 17
VisualStudioVersion = 17.6.33829.357
MinimumVisualStudioVersion = 10.0.40219.1
Project("{9A19103F-16F7-4668-BE54-9A1E7A4F7556}") = "DiceWars", "DiceWars\DiceWars.csproj", "{ED12FFF8-9CF0-45C5-8992-526A60C22165}"
EndProject
Project("{FAE04EC0-301F-11D3-BF4B-00C04F79EFBC}") = "DiceWars.DAL", "DiceWars.DAL\DiceWars.DAL.csproj", "{3F105BA5-B8B1-48D9-9596-10CCB6F63A45}"
EndProject
Global
	GlobalSection(SolutionConfigurationPlatforms) = preSolution
		Debug|Any CPU = Debug|Any CPU
		Release|Any CPU = Release|Any CPU
	EndGlobalSection
	GlobalSection(ProjectConfigurationPlatforms) = postSolution
		{ED12FFF8-9CF0-45C5-8992-526A60C22165}.Debug|Any CPU.ActiveCfg = Debug|Any CPU
		{ED12FFF8-9CF0-45C5-8992-526A60C22165}.Debug|Any CPU.Build.0 = Debug|Any CPU
		{ED12FFF8-9CF0-45C5-8992-526A60C22165}.Release|Any CPU.ActiveCfg = Release|Any CPU
		{ED12FFF8-9CF0-45C5-8992-526A60C22165}.Release|Any CPU.Build.0 = Release|Any CPU
		{3F105BA5-B8B1-48D9-9596-10CCB6F63A45}.Debug|Any CPU.ActiveCfg = Debug|Any CPU
		{3F105BA5-B8B1-48D9-9596-10CCB6F63A45}.Debug|Any CPU.Build.0 = Debug|Any CPU
		{3F105BA5-B8B1-48D9-9596-10CCB6F63A45}.Release|Any CPU.ActiveCfg = Release|Any CPU
		{3F105BA5-B8B1-48D9-9596-10CCB6F63A45}.Release|Any CPU.Build.0 = Release|Any CPU
	EndGlobalSection
	GlobalSection(SolutionProperties) = preSolution
		HideSolutionNode = FALSE
	EndGlobalSection
	GlobalSection(ExtensibilityGlobals) = postSolution
		SolutionGuid = {F6B88BEC-E78C-4E09-8050-A0DC94756632}
	EndGlobalSection
EndGlobal
